{
  "name": "music-cdn-app",
  "version": "1.0.0",
  "lockfileVersion": 3,
  "requires": true,
  "packages": {
    "": {
      "name": "music-cdn-app",
      "version": "1.0.0",
      "description": "A Content Delivery Network for a music streaming service.",
      "main": "index.js",
      "license": "ISC"
    }
  }
}

